// !$*UTF8*$!
{
	archiveVersion = 1;
	classes = {
	};
	objectVersion = 46;
	objects = {

/* Begin PBXBuildFile section */
		17C8D8E91A4224CD00010248 /* AppDelegate.swift in Sources */ = {isa = PBXBuildFile; fileRef = 17C8D8E81A4224CD00010248 /* AppDelegate.swift */; };
		17C8D8EB1A4224CD00010248 /* ViewController.swift in Sources */ = {isa = PBXBuildFile; fileRef = 17C8D8EA1A4224CD00010248 /* ViewController.swift */; };
		17C8D8EE1A4224CD00010248 /* Main.storyboard in Resources */ = {isa = PBXBuildFile; fileRef = 17C8D8EC1A4224CD00010248 /* Main.storyboard */; };
		17C8D8F01A4224CD00010248 /* Images.xcassets in Resources */ = {isa = PBXBuildFile; fileRef = 17C8D8EF1A4224CD00010248 /* Images.xcassets */; };
		17C8D8F31A4224CD00010248 /* LaunchScreen.xib in Resources */ = {isa = PBXBuildFile; fileRef = 17C8D8F11A4224CD00010248 /* LaunchScreen.xib */; };
		17C8D8FF1A4224CE00010248 /* aula4Tests.swift in Sources */ = {isa = PBXBuildFile; fileRef = 17C8D8FE1A4224CE00010248 /* aula4Tests.swift */; };
		17C8D9091A42369300010248 /* customViewController.swift in Sources */ = {isa = PBXBuildFile; fileRef = 17C8D9081A42369300010248 /* customViewController.swift */; };
/* End PBXBuildFile section */

/* Begin PBXContainerItemProxy section */
		17C8D8F91A4224CE00010248 /* PBXContainerItemProxy */ = {
			isa = PBXContainerItemProxy;
			containerPortal = 17C8D8DB1A4224CD00010248 /* Project object */;
			proxyType = 1;
			remoteGlobalIDString = 17C8D8E21A4224CD00010248;
			remoteInfo = aula4;
		};
/* End PBXContainerItemProxy section */

/* Begin PBXFileReference section */
		17C8D8E31A4224CD00010248 /* aula4.app */ = {isa = PBXFileReference; explicitFileType = wrapper.application; includeInIndex = 0; path = aula4.app; sourceTree = BUILT_PRODUCTS_DIR; };
		17C8D8E71A4224CD00010248 /* Info.plist */ = {isa = PBXFileReference; lastKnownFileType = text.plist.xml; path = Info.plist; sourceTree = "<group>"; };
		17C8D8E81A4224CD00010248 /* AppDelegate.swift */ = {isa = PBXFileReference; lastKnownFileType = sourcecode.swift; path = AppDelegate.swift; sourceTree = "<group>"; };
		17C8D8EA1A4224CD00010248 /* ViewController.swift */ = {isa = PBXFileReference; lastKnownFileType = sourcecode.swift; path = ViewController.swift; sourceTree = "<group>"; };
		17C8D8ED1A4224CD00010248 /* Base */ = {isa = PBXFileReference; lastKnownFileType = file.storyboard; name = Base; path = Base.lproj/Main.storyboard; sourceTree = "<group>"; };
		17C8D8EF1A4224CD00010248 /* Images.xcassets */ = {isa = PBXFileReference; lastKnownFileType = folder.assetcatalog; path = Images.xcassets; sourceTree = "<group>"; };
		17C8D8F21A4224CD00010248 /* Base */ = {isa = PBXFileReference; lastKnownFileType = file.xib; name = Base; path = Base.lproj/LaunchScreen.xib; sourceTree = "<group>"; };
		17C8D8F81A4224CE00010248 /* aula4Tests.xctest */ = {isa = PBXFileReference; explicitFileType = wrapper.cfbundle; includeInIndex = 0; path = aula4Tests.xctest; sourceTree = BUILT_PRODUCTS_DIR; };
		17C8D8FD1A4224CE00010248 /* Info.plist */ = {isa = PBXFileReference; lastKnownFileType = text.plist.xml; path = Info.plist; sourceTree = "<group>"; };
		17C8D8FE1A4224CE00010248 /* aula4Tests.swift */ = {isa = PBXFileReference; lastKnownFileType = sourcecode.swift; path = aula4Tests.swift; sourceTree = "<group>"; };
		17C8D9081A42369300010248 /* customViewController.swift */ = {isa = PBXFileReference; fileEncoding = 4; lastKnownFileType = sourcecode.swift; path = customViewController.swift; sourceTree = "<group>"; };
/* End PBXFileReference section */

/* Begin PBXFrameworksBuildPhase section */
		17C8D8E01A4224CD00010248 /* Frameworks */ = {
			isa = PBXFrameworksBuildPhase;
			buildActionMask = 2147483647;
			files = (
			);
			runOnlyForDeploymentPostprocessing = 0;
		};
		17C8D8F51A4224CE00010248 /* Frameworks */ = {
			isa = PBXFrameworksBuildPhase;
			buildActionMask = 2147483647;
			files = (
			);
			runOnlyForDeploymentPostprocessing = 0;
		};
/* End PBXFrameworksBuildPhase section */

/* Begin PBXGroup section */
		17C8D8DA1A4224CD00010248 = {
			isa = PBXGroup;
			children = (
				17C8D8E51A4224CD00010248 /* aula4 */,
				17C8D8FB1A4224CE00010248 /* aula4Tests */,
				17C8D8E41A4224CD00010248 /* Products */,
			);
			sourceTree = "<group>";
		};
		17C8D8E41A4224CD00010248 /* Products */ = {
			isa = PBXGroup;
			children = (
				17C8D8E31A4224CD00010248 /* aula4.app */,
				17C8D8F81A4224CE00010248 /* aula4Tests.xctest */,
			);
			name = Products;
			sourceTree = "<group>";
		};
		17C8D8E51A4224CD00010248 /* aula4 */ = {
			isa = PBXGroup;
			children = (
				17C8D8E81A4224CD00010248 /* AppDelegate.swift */,
				17C8D9081A42369300010248 /* customViewController.swift */,
				17C8D8EA1A4224CD00010248 /* ViewController.swift */,
				17C8D8EC1A4224CD00010248 /* Main.storyboard */,
				17C8D8EF1A4224CD00010248 /* Images.xcassets */,
				17C8D8F11A4224CD00010248 /* LaunchScreen.xib */,
				17C8D8E61A4224CD00010248 /* Supporting Files */,
			);
			path = aula4;
			sourceTree = "<group>";
		};
		17C8D8E61A4224CD00010248 /* Supporting Files */ = {
			isa = PBXGroup;
			children = (
				17C8D8E71A4224CD00010248 /* Info.plist */,
			);
			name = "Supporting Files";
			sourceTree = "<group>";
		};
		17C8D8FB1A4224CE00010248 /* aula4Tests */ = {
			isa = PBXGroup;
			children = (
				17C8D8FE1A4224CE00010248 /* aula4Tests.swift */,
				17C8D8FC1A4224CE00010248 /* Supporting Files */,
			);
			path = aula4Tests;
			sourceTree = "<group>";
		};
		17C8D8FC1A4224CE00010248 /* Supporting Files */ = {
			isa = PBXGroup;
			children = (
				17C8D8FD1A4224CE00010248 /* Info.plist */,
			);
			name = "Supporting Files";
			sourceTree = "<group>";
		};
/* End PBXGroup section */

/* Begin PBXNativeTarget section */
		17C8D8E21A4224CD00010248 /* aula4 */ = {
			isa = PBXNativeTarget;
			buildConfigurationList = 17C8D9021A4224CE00010248 /* Build configuration list for PBXNativeTarget "aula4" */;
			buildPhases = (
				17C8D8DF1A4224CD00010248 /* Sources */,
				17C8D8E01A4224CD00010248 /* Frameworks */,
				17C8D8E11A4224CD00010248 /* Resources */,
			);
			buildRules = (
			);
			dependencies = (
			);
			name = aula4;
			productName = aula4;
			productReference = 17C8D8E31A4224CD00010248 /* aula4.app */;
			productType = "com.apple.product-type.application";
		};
		17C8D8F71A4224CE00010248 /* aula4Tests */ = {
			isa = PBXNativeTarget;
			buildConfigurationList = 17C8D9051A4224CE00010248 /* Build configuration list for PBXNativeTarget "aula4Tests" */;
			buildPhases = (
				17C8D8F41A4224CE00010248 /* Sources */,
				17C8D8F51A4224CE00010248 /* Frameworks */,
				17C8D8F61A4224CE00010248 /* Resources */,
			);
			buildRules = (
			);
			dependencies = (
				17C8D8FA1A4224CE00010248 /* PBXTargetDependency */,
			);
			name = aula4Tests;
			productName = aula4Tests;
			productReference = 17C8D8F81A4224CE00010248 /* aula4Tests.xctest */;
			productType = "com.apple.product-type.bundle.unit-test";
		};
/* End PBXNativeTarget section */

/* Begin PBXProject section */
		17C8D8DB1A4224CD00010248 /* Project object */ = {
			isa = PBXProject;
			attributes = {
				LastUpgradeCheck = 0610;
				ORGANIZATIONNAME = "Daniel 'FatefuL' Pedrosa";
				TargetAttributes = {
					17C8D8E21A4224CD00010248 = {
						CreatedOnToolsVersion = 6.1.1;
					};
					17C8D8F71A4224CE00010248 = {
						CreatedOnToolsVersion = 6.1.1;
						TestTargetID = 17C8D8E21A4224CD00010248;
					};
				};
			};
			buildConfigurationList = 17C8D8DE1A4224CD00010248 /* Build configuration list for PBXProject "aula4" */;
			compatibilityVersion = "Xcode 3.2";
			developmentRegion = English;
			hasScannedForEncodings = 0;
			knownRegions = (
				en,
				Base,
			);
			mainGroup = 17C8D8DA1A4224CD00010248;
			productRefGroup = 17C8D8E41A4224CD00010248 /* Products */;
			projectDirPath = "";
			projectRoot = "";
			targets = (
				17C8D8E21A4224CD00010248 /* aula4 */,
				17C8D8F71A4224CE00010248 /* aula4Tests */,
			);
		};
/* End PBXProject section */

/* Begin PBXResourcesBuildPhase section */
		17C8D8E11A4224CD00010248 /* Resources */ = {
			isa = PBXResourcesBuildPhase;
			buildActionMask = 2147483647;
			files = (
				17C8D8EE1A4224CD00010248 /* Main.storyboard in Resources */,
				17C8D8F31A4224CD00010248 /* LaunchScreen.xib in Resources */,
				17C8D8F01A4224CD00010248 /* Images.xcassets in Resources */,
			);
			runOnlyForDeploymentPostprocessing = 0;
		};
		17C8D8F61A4224CE00010248 /* Resources */ = {
			isa = PBXResourcesBuildPhase;
			buildActionMask = 2147483647;
			files = (
			);
			runOnlyForDeploymentPostprocessing = 0;
		};
/* End PBXResourcesBuildPhase section */

/* Begin PBXSourcesBuildPhase section */
		17C8D8DF1A4224CD00010248 /* Sources */ = {
			isa = PBXSourcesBuildPhase;
			buildActionMask = 2147483647;
			files = (
				17C8D8EB1A4224CD00010248 /* ViewController.swift in Sources */,
				17C8D8E91A4224CD00010248 /* AppDelegate.swift in Sources */,
				17C8D9091A42369300010248 /* customViewController.swift in Sources */,
			);
			runOnlyForDeploymentPostprocessing = 0;
		};
		17C8D8F41A4224CE00010248 /* Sources */ = {
			isa = PBXSourcesBuildPhase;
			buildActionMask = 2147483647;
			files = (
				17C8D8FF1A4224CE00010248 /* aula4Tests.swift in Sources */,
			);
			runOnlyForDeploymentPostprocessing = 0;
		};
/* End PBXSourcesBuildPhase section */

/* Begin PBXTargetDependency section */
		17C8D8FA1A4224CE00010248 /* PBXTargetDependency */ = {
			isa = PBXTargetDependency;
			target = 17C8D8E21A4224CD00010248 /* aula4 */;
			targetProxy = 17C8D8F91A4224CE00010248 /* PBXContainerItemProxy */;
		};
/* End PBXTargetDependency section */

/* Begin PBXVariantGroup section */
		17C8D8EC1A4224CD00010248 /* Main.storyboard */ = {
			isa = PBXVariantGroup;
			children = (
				17C8D8ED1A4224CD00010248 /* Base */,
			);
			name = Main.storyboard;
			sourceTree = "<group>";
		};
		17C8D8F11A4224CD00010248 /* LaunchScreen.xib */ = {
			isa = PBXVariantGroup;
			children = (
				17C8D8F21A4224CD00010248 /* Base */,
			);
			name = LaunchScreen.xib;
			sourceTree = "<group>";
		};
/* End PBXVariantGroup section */

/* Begin XCBuildConfiguration section */
		17C8D9001A4224CE00010248 /* Debug */ = {
			isa = XCBuildConfiguration;
			buildSettings = {
				ALWAYS_SEARCH_USER_PATHS = NO;
				CLANG_CXX_LANGUAGE_STANDARD = "gnu++0x";
				CLANG_CXX_LIBRARY = "libc++";
				CLANG_ENABLE_MODULES = YES;
				CLANG_ENABLE_OBJC_ARC = YES;
				CLANG_WARN_BOOL_CONVERSION = YES;
				CLANG_WARN_CONSTANT_CONVERSION = YES;
				CLANG_WARN_DIRECT_OBJC_ISA_USAGE = YES_ERROR;
				CLANG_WARN_EMPTY_BODY = YES;
				CLANG_WARN_ENUM_CONVERSION = YES;
				CLANG_WARN_INT_CONVERSION = YES;
				CLANG_WARN_OBJC_ROOT_CLASS = YES_ERROR;
				CLANG_WARN_UNREACHABLE_CODE = YES;
				CLANG_WARN__DUPLICATE_METHOD_MATCH = YES;
				"CODE_SIGN_IDENTITY[sdk=iphoneos*]" = "iPhone Developer";
				COPY_PHASE_STRIP = NO;
				ENABLE_STRICT_OBJC_MSGSEND = YES;
				GCC_C_LANGUAGE_STANDARD = gnu99;
				GCC_DYNAMIC_NO_PIC = NO;
				GCC_OPTIMIZATION_LEVEL = 0;
				GCC_PREPROCESSOR_DEFINITIONS = (
					"DEBUG=1",
					"$(inherited)",
				);
				GCC_SYMBOLS_PRIVATE_EXTERN = NO;
				GCC_WARN_64_TO_32_BIT_CONVERSION = YES;
				GCC_WARN_ABOUT_RETURN_TYPE = YES_ERROR;
				GCC_WARN_UNDECLARED_SELECTOR = YES;
				GCC_WARN_UNINITIALIZED_AUTOS = YES_AGGRESSIVE;
				GCC_WARN_UNUSED_FUNCTION = YES;
				GCC_WARN_UNUSED_VARIABLE = YES;
				IPHONEOS_DEPLOYMENT_TARGET = 8.1;
				MTL_ENABLE_DEBUG_INFO = YES;
				ONLY_ACTIVE_ARCH = YES;
				SDKROOT = iphoneos;
				SWIFT_OPTIMIZATION_LEVEL = "-Onone";
				TARGETED_DEVICE_FAMILY = "1,2";
			};
			name = Debug;
		};
		17C8D9011A4224CE00010248 /* Release */ = {
			isa = XCBuildConfiguration;
			buildSettings = {
				ALWAYS_SEARCH_USER_PATHS = NO;
				CLANG_CXX_LANGUAGE_STANDARD = "gnu++0x";
				CLANG_CXX_LIBRARY = "libc++";
				CLANG_ENABLE_MODULES = YES;
				CLANG_ENABLE_OBJC_ARC = YES;
				CLANG_WARN_BOOL_CONVERSION = YES;
				CLANG_WARN_CONSTANT_CONVERSION = YES;
				CLANG_WARN_DIRECT_OBJC_ISA_USAGE = YES_ERROR;
				CLANG_WARN_EMPTY_BODY = YES;
				CLANG_WARN_ENUM_CONVERSION = YES;
				CLANG_WARN_INT_CONVERSION = YES;
				CLANG_WARN_OBJC_ROOT_CLASS = YES_ERROR;
				CLANG_WARN_UNREACHABLE_CODE = YES;
				CLANG_WARN__DUPLICATE_METHOD_MATCH = YES;
				"CODE_SIGN_IDENTITY[sdk=iphoneos*]" = "iPhone Developer";
				COPY_PHASE_STRIP = YES;
				ENABLE_NS_ASSERTIONS = NO;
				ENABLE_STRICT_OBJC_MSGSEND = YES;
				GCC_C_LANGUAGE_STANDARD = gnu99;
				GCC_WARN_64_TO_32_BIT_CONVERSION = YES;
				GCC_WARN_ABOUT_RETURN_TYPE = YES_ERROR;
				GCC_WARN_UNDECLARED_SELECTOR = YES;
				GCC_WARN_UNINITIALIZED_AUTOS = YES_AGGRESSIVE;
				GCC_WARN_UNUSED_FUNCTION = YES;
				GCC_WARN_UNUSED_VARIABLE = YES;
				IPHONEOS_DEPLOYMENT_TARGET = 8.1;
				MTL_ENABLE_DEBUG_INFO = NO;
				SDKROOT = iphoneos;
				TARGETED_DEVICE_FAMILY = "1,2";
				VALIDATE_PRODUCT = YES;
			};
			name = Release;
		};
		17C8D9031A4224CE00010248 /* Debug */ = {
			isa = XCBuildConfiguration;
			buildSettings = {
				ASSETCATALOG_COMPILER_APPICON_NAME = AppIcon;
				INFOPLIST_FILE = aula4/Info.plist;
				LD_RUNPATH_SEARCH_PATHS = "$(inherited) @executable_path/Frameworks";
				PRODUCT_NAME = "$(TARGET_NAME)";
			};
			name = Debug;
		};
		17C8D9041A4224CE00010248 /* Release */ = {
			isa = XCBuildConfiguration;
			buildSettings = {
				ASSETCATALOG_COMPILER_APPICON_NAME = AppIcon;
				INFOPLIST_FILE = aula4/Info.plist;
				LD_RUNPATH_SEARCH_PATHS = "$(inherited) @executable_path/Frameworks";
				PRODUCT_NAME = "$(TARGET_NAME)";
			};
			name = Release;
		};
		17C8D9061A4224CE00010248 /* Debug */ = {
			isa = XCBuildConfiguration;
			buildSettings = {
				BUNDLE_LOADER = "$(TEST_HOST)";
				FRAMEWORK_SEARCH_PATHS = (
					"$(SDKROOT)/Developer/Library/Frameworks",
					"$(inherited)",
				);
				GCC_PREPROCESSOR_DEFINITIONS = (
					"DEBUG=1",
					"$(inherited)",
				);
				INFOPLIST_FILE = aula4Tests/Info.plist;
				LD_RUNPATH_SEARCH_PATHS = "$(inherited) @executable_path/Frameworks @loader_path/Frameworks";
				PRODUCT_NAME = "$(TARGET_NAME)";
				TEST_HOST = "$(BUILT_PRODUCTS_DIR)/aula4.app/aula4";
			};
			name = Debug;
		};
		17C8D9071A4224CE00010248 /* Release */ = {
			isa = XCBuildConfiguration;
			buildSettings = {
				BUNDLE_LOADER = "$(TEST_HOST)";
				FRAMEWORK_SEARCH_PATHS = (
					"$(SDKROOT)/Developer/Library/Frameworks",
					"$(inherited)",
				);
				INFOPLIST_FILE = aula4Tests/Info.plist;
				LD_RUNPATH_SEARCH_PATHS = "$(inherited) @executable_path/Frameworks @loader_path/Frameworks";
				PRODUCT_NAME = "$(TARGET_NAME)";
				TEST_HOST = "$(BUILT_PRODUCTS_DIR)/aula4.app/aula4";
			};
			name = Release;
		};
/* End XCBuildConfiguration section */

/* Begin XCConfigurationList section */
		17C8D8DE1A4224CD00010248 /* Build configuration list for PBXProject "aula4" */ = {
			isa = XCConfigurationList;
			buildConfigurations = (
				17C8D9001A4224CE00010248 /* Debug */,
				17C8D9011A4224CE00010248 /* Release */,
			);
			defaultConfigurationIsVisible = 0;
			defaultConfigurationName = Release;
		};
		17C8D9021A4224CE00010248 /* Build configuration list for PBXNativeTarget "aula4" */ = {
			isa = XCConfigurationList;
			buildConfigurations = (
				17C8D9031A4224CE00010248 /* Debug */,
				17C8D9041A4224CE00010248 /* Release */,
			);
			defaultConfigurationIsVisible = 0;
		};
		17C8D9051A4224CE00010248 /* Build configuration list for PBXNativeTarget "aula4Tests" */ = {
			isa = XCConfigurationList;
			buildConfigurations = (
				17C8D9061A4224CE00010248 /* Debug */,
				17C8D9071A4224CE00010248 /* Release */,
			);
			defaultConfigurationIsVisible = 0;
		};
/* End XCConfigurationList section */
	};
	rootObject = 17C8D8DB1A4224CD00010248 /* Project object */;
}
